
Microsoft Visual Studio Solution File, Format Version 12.00
Project("{FAE04EC0-301F-11D3-BF4B-00C04F79EFBC}") = "WinToLin", "WinToLin\WinToLin.csproj", "{57D92113-9B12-4473-BBEE-205F54786CEF}"
EndProject
Global
	GlobalSection(SolutionConfigurationPlatforms) = preSolution
		Debug|Any CPU = Debug|Any CPU
		Release|Any CPU = Release|Any CPU
	EndGlobalSection
	GlobalSection(ProjectConfigurationPlatforms) = postSolution
		{57D92113-9B12-4473-BBEE-205F54786CEF}.Debug|Any CPU.ActiveCfg = Debug|Any CPU
		{57D92113-9B12-4473-BBEE-205F54786CEF}.Debug|Any CPU.Build.0 = Debug|Any CPU
		{57D92113-9B12-4473-BBEE-205F54786CEF}.Release|Any CPU.ActiveCfg = Release|Any CPU
		{57D92113-9B12-4473-BBEE-205F54786CEF}.Release|Any CPU.Build.0 = Release|Any CPU
	EndGlobalSection
EndGlobal
